
Microsoft Visual Studio Solution File, Format Version 12.00
# Visual Studio Version 17
VisualStudioVersion = 17.14.36603.0 d17.14
MinimumVisualStudioVersion = 10.0.40219.1
Project("{FAE04EC0-301F-11D3-BF4B-00C04F79EFBC}") = "mbp_doublecheck_v_3_volatile", "mbp_doublecheck_v_3_volatile\mbp_doublecheck_v_3_volatile.csproj", "{A61A7790-E9B5-4203-B712-DBFA38D8CBE2}"
EndProject
Global
	GlobalSection(SolutionConfigurationPlatforms) = preSolution
		Debug|Any CPU = Debug|Any CPU
		Release|Any CPU = Release|Any CPU
	EndGlobalSection
	GlobalSection(ProjectConfigurationPlatforms) = postSolution
		{A61A7790-E9B5-4203-B712-DBFA38D8CBE2}.Debug|Any CPU.ActiveCfg = Debug|Any CPU
		{A61A7790-E9B5-4203-B712-DBFA38D8CBE2}.Debug|Any CPU.Build.0 = Debug|Any CPU
		{A61A7790-E9B5-4203-B712-DBFA38D8CBE2}.Release|Any CPU.ActiveCfg = Release|Any CPU
		{A61A7790-E9B5-4203-B712-DBFA38D8CBE2}.Release|Any CPU.Build.0 = Release|Any CPU
	EndGlobalSection
	GlobalSection(SolutionProperties) = preSolution
		HideSolutionNode = FALSE
	EndGlobalSection
	GlobalSection(ExtensibilityGlobals) = postSolution
		SolutionGuid = {009057ED-96A2-4F63-AE47-7C67FCB02772}
	EndGlobalSection
EndGlobal
